github.com/bobwong89757/protoplus v0.1.0 h1:8oKpYyBmTt+wf2HyqECF9bd4Zuh1kcV3x+iCOhtnJq0=
github.com/bobwong89757/protoplus v0.1.0/go.mod h1:KdDR187+DRBOA+Ui1U75V44a4YmeYCm51lY++cw7JUM=
github.com/davyxu/golexer v0.1.0 h1:PFavbgNV8PUH2HPU1G3o0QMcNJ3I4BkL8esbeenTyMU=
github.com/davyxu/golexer v0.1.0/go.mod h1:K/1PVWqaQEwMs+N+VvaoS66o1BAAwso+jEgXKBIa8QY=
github.com/davyxu/protoplus v0.1.0 h1:iKk94nwYZdEK8r1r4GZDkW7JnmLJTPYQSVUvBLBxsb8=
github.com/davyxu/protoplus v0.1.0/go.mod h1:WzmNYPvYsyks3G81jCJ/vGY2ljs49qFMfCmXGwvxFLA=
